{
  "name": "testautoset",
  "version": "1.2.24",
  "lockfileVersion": 1,
  "requires": true,
  "dependencies": {
    "async-validator": {
      "version": "1.8.5",
      "resolved": "http://192.168.0.236:8081/repository/djcpsnpm-group/async-validator/-/async-validator-1.8.5.tgz",
      "integrity": "sha512-tXBM+1m056MAX0E8TL2iCjg8WvSyXu0Zc8LNtYqrVeyoL3+esHRZ4SieE9fKQyyU09uONjnMEjrNBMqT0mbvmA==",
      "requires": {
        "babel-runtime": "6.26.0"
      }
    },
    "axios": {
      "version": "0.18.0",
      "resolved": "http://192.168.0.236:8081/repository/djcpsnpm-group/axios/-/axios-0.18.0.tgz",
      "integrity": "sha1-MtU+SFHv3AoRmTts0AB4nXDAUQI=",
      "requires": {
        "follow-redirects": "1.5.7",
        "is-buffer": "1.1.6"
      }
    },
    "babel-helper-vue-jsx-merge-props": {
      "version": "2.0.3",
      "resolved": "http://192.168.0.236:8081/repository/djcpsnpm-group/babel-helper-vue-jsx-merge-props/-/babel-helper-vue-jsx-merge-props-2.0.3.tgz",
      "integrity": "sha512-gsLiKK7Qrb7zYJNgiXKpXblxbV5ffSwR0f5whkPAaBAR4fhi6bwRZxX9wBlIc5M/v8CCkXUbXZL4N/nSE97cqg=="
    },
    "babel-runtime": {
      "version": "6.26.0",
      "resolved": "http://192.168.0.236:8081/repository/djcpsnpm-group/babel-runtime/-/babel-runtime-6.26.0.tgz",
      "integrity": "sha1-llxwWGaOgrVde/4E/yM3vItWR/4=",
      "requires": {
        "core-js": "2.5.7",
        "regenerator-runtime": "0.11.1"
      }
    },
    "core-js": {
      "version": "2.5.7",
      "resolved": "http://192.168.0.236:8081/repository/djcpsnpm-group/core-js/-/core-js-2.5.7.tgz",
      "integrity": "sha512-RszJCAxg/PP6uzXVXL6BsxSXx/B05oJAQ2vkJRjyjrEcNVycaqOmNb5OTxZPE3xa5gwZduqza6L9JOCenh/Ecw=="
    },
    "debug": {
      "version": "3.2.1",
      "resolved": "http://192.168.0.236:8081/repository/djcpsnpm-group/debug/-/debug-3.2.1.tgz",
      "integrity": "sha512-P5CJ6AGKlnMM3Rd1V4xmQ1SNn5VQ/4UoIiVmDzJxliKCeG1ANIj6ThcWWsefqZ4WdzGdmhG3WdeKrcjx9eNUYA==",
      "requires": {
        "ms": "2.1.1"
      }
    },
    "deepmerge": {
      "version": "1.5.2",
      "resolved": "http://192.168.0.236:8081/repository/djcpsnpm-group/deepmerge/-/deepmerge-1.5.2.tgz",
      "integrity": "sha512-95k0GDqvBjZavkuvzx/YqVLv/6YYa17fz6ILMSf7neqQITCPbnfEnQvEgMPNjH4kgobe7+WIL0yJEHku+H3qtQ=="
    },
    "djcpsweb": {
      "version": "1.0.15-beta.7",
      "resolved": "http://192.168.0.236:8081/repository/djcpsnpm-group/djcpsweb/-/djcpsweb-1.0.15-beta.7.tgz",
      "integrity": "sha512-UlYtfmKX4rc+UvxQZNLR7Ej+Unmxe0noqU/ggTgifDsI9m6dGWDjSkSZ8HkbRq51JvjVeao4xwrlYFR+NDu4CQ==",
      "requires": {
        "axios": "0.18.0",
        "element-tree-grid": "0.1.3",
        "element-ui": "2.4.6",
        "vue": "2.5.17",
        "vue-router": "3.0.1"
      }
    },
    "element-tree-grid": {
      "version": "0.1.3",
      "resolved": "http://192.168.0.236:8081/repository/djcpsnpm-group/element-tree-grid/-/element-tree-grid-0.1.3.tgz",
      "integrity": "sha512-+8R9xDkaUig3tXQg+Z6AqLCIjtoJlEhPO8HLfy3+BEyNfdMU7qAr5l3+M6aVs86sH55fzHr1FhHqhuAk4CkBiA=="
    },
    "element-ui": {
      "version": "2.4.6",
      "resolved": "http://192.168.0.236:8081/repository/djcpsnpm-group/element-ui/-/element-ui-2.4.6.tgz",
      "integrity": "sha512-VYqKckWIyshGun707WedZeqHoRQkadR0QSuJjEwCzWQC/ofued4wCOoSXWdBwWAUPcdhaPJWMVZfwPuE29zB+w==",
      "requires": {
        "async-validator": "1.8.5",
        "babel-helper-vue-jsx-merge-props": "2.0.3",
        "deepmerge": "1.5.2",
        "normalize-wheel": "1.0.1",
        "resize-observer-polyfill": "1.5.0",
        "throttle-debounce": "1.1.0"
      }
    },
    "follow-redirects": {
      "version": "1.5.7",
      "resolved": "http://192.168.0.236:8081/repository/djcpsnpm-group/follow-redirects/-/follow-redirects-1.5.7.tgz",
      "integrity": "sha512-NONJVIFiX7Z8k2WxfqBjtwqMifx7X42ORLFrOZ2LTKGj71G3C0kfdyTqGqr8fx5zSX6Foo/D95dgGWbPUiwnew==",
      "requires": {
        "debug": "3.2.1"
      }
    },
    "is-buffer": {
      "version": "1.1.6",
      "resolved": "http://192.168.0.236:8081/repository/djcpsnpm-group/is-buffer/-/is-buffer-1.1.6.tgz",
      "integrity": "sha512-NcdALwpXkTm5Zvvbk7owOUSvVvBKDgKP5/ewfXEznmQFfs4ZRmanOeKBTjRVjka3QFoN6XJ+9F3USqfHqTaU5w=="
    },
    "ms": {
      "version": "2.1.1",
      "resolved": "http://192.168.0.236:8081/repository/djcpsnpm-group/ms/-/ms-2.1.1.tgz",
      "integrity": "sha512-tgp+dl5cGk28utYktBsrFqA7HKgrhgPsg6Z/EfhWI4gl1Hwq8B/GmY/0oXZ6nF8hDVesS/FpnYaD/kOWhYQvyg=="
    },
    "normalize-wheel": {
      "version": "1.0.1",
      "resolved": "http://192.168.0.236:8081/repository/djcpsnpm-group/normalize-wheel/-/normalize-wheel-1.0.1.tgz",
      "integrity": "sha1-rsiGr/2wRQcNhWRH32Ls+GFG7EU="
    },
    "regenerator-runtime": {
      "version": "0.11.1",
      "resolved": "http://192.168.0.236:8081/repository/djcpsnpm-group/regenerator-runtime/-/regenerator-runtime-0.11.1.tgz",
      "integrity": "sha512-MguG95oij0fC3QV3URf4V2SDYGJhJnJGqvIIgdECeODCT98wSWDAJ94SSuVpYQUoTcGUIL6L4yNB7j1DFFHSBg=="
    },
    "resize-observer-polyfill": {
      "version": "1.5.0",
      "resolved": "http://192.168.0.236:8081/repository/djcpsnpm-group/resize-observer-polyfill/-/resize-observer-polyfill-1.5.0.tgz",
      "integrity": "sha512-M2AelyJDVR/oLnToJLtuDJRBBWUGUvvGigj1411hXhAdyFWqMaqHp7TixW3FpiLuVaikIcR1QL+zqoJoZlOgpg=="
    },
    "throttle-debounce": {
      "version": "1.1.0",
      "resolved": "http://192.168.0.236:8081/repository/djcpsnpm-group/throttle-debounce/-/throttle-debounce-1.1.0.tgz",
      "integrity": "sha512-XH8UiPCQcWNuk2LYePibW/4qL97+ZQ1AN3FNXwZRBNPPowo/NRU5fAlDCSNBJIYCKbioZfuYtMhG4quqoJhVzg=="
    },
    "vue": {
      "version": "2.5.17",
      "resolved": "http://192.168.0.236:8081/repository/djcpsnpm-group/vue/-/vue-2.5.17.tgz",
      "integrity": "sha512-mFbcWoDIJi0w0Za4emyLiW72Jae0yjANHbCVquMKijcavBGypqlF7zHRgMa5k4sesdv7hv2rB4JPdZfR+TPfhQ=="
    },
    "vue-router": {
      "version": "3.0.1",
      "resolved": "http://192.168.0.236:8081/repository/djcpsnpm-group/vue-router/-/vue-router-3.0.1.tgz",
      "integrity": "sha512-vLLoY452L+JBpALMP5UHum9+7nzR9PeIBCghU9ZtJ1eWm6ieUI8Zb/DI3MYxH32bxkjzYV1LRjNv4qr8d+uX/w=="
    }
  }
}
